
Microsoft Visual Studio Solution File, Format Version 12.00
# Visual Studio Version 16
VisualStudioVersion = 16.0.31129.286
MinimumVisualStudioVersion = 10.0.40219.1
Project("{FAE04EC0-301F-11D3-BF4B-00C04F79EFBC}") = "NotesProgram", "NotesProgram\NotesProgram.csproj", "{87E53002-949F-4649-A32A-84791B86CC21}"
EndProject
Global
	GlobalSection(SolutionConfigurationPlatforms) = preSolution
		Debug|Any CPU = Debug|Any CPU
		Release|Any CPU = Release|Any CPU
	EndGlobalSection
	GlobalSection(ProjectConfigurationPlatforms) = postSolution
		{87E53002-949F-4649-A32A-84791B86CC21}.Debug|Any CPU.ActiveCfg = Debug|Any CPU
		{87E53002-949F-4649-A32A-84791B86CC21}.Debug|Any CPU.Build.0 = Debug|Any CPU
		{87E53002-949F-4649-A32A-84791B86CC21}.Release|Any CPU.ActiveCfg = Release|Any CPU
		{87E53002-949F-4649-A32A-84791B86CC21}.Release|Any CPU.Build.0 = Release|Any CPU
	EndGlobalSection
	GlobalSection(SolutionProperties) = preSolution
		HideSolutionNode = FALSE
	EndGlobalSection
	GlobalSection(ExtensibilityGlobals) = postSolution
		SolutionGuid = {096B1856-7FC4-4E11-900B-0464F39875DB}
	EndGlobalSection
EndGlobal
